// !$*UTF8*$!
{
	archiveVersion = 1;
	classes = {
	};
	objectVersion = 56;
	objects = {

/* Begin PBXBuildFile section */
		1510DBB22CA5A09300AF18C8 /* AppDelegate.swift in Sources */ = {isa = PBXBuildFile; fileRef = 1510DBB12CA5A09300AF18C8 /* AppDelegate.swift */; };
		1510DBB42CA5A09300AF18C8 /* SceneDelegate.swift in Sources */ = {isa = PBXBuildFile; fileRef = 1510DBB32CA5A09300AF18C8 /* SceneDelegate.swift */; };
		1510DBB92CA5A09300AF18C8 /* Main.storyboard in Resources */ = {isa = PBXBuildFile; fileRef = 1510DBB72CA5A09300AF18C8 /* Main.storyboard */; };
		1510DBBB2CA5A09500AF18C8 /* Assets.xcassets in Resources */ = {isa = PBXBuildFile; fileRef = 1510DBBA2CA5A09500AF18C8 /* Assets.xcassets */; };
		1510DBBE2CA5A09500AF18C8 /* LaunchScreen.storyboard in Resources */ = {isa = PBXBuildFile; fileRef = 1510DBBC2CA5A09500AF18C8 /* LaunchScreen.storyboard */; };
		1510DBC82CA5A13400AF18C8 /* LoadViewController.swift in Sources */ = {isa = PBXBuildFile; fileRef = 1510DBC72CA5A13400AF18C8 /* LoadViewController.swift */; };
		1510DBCB2CA5A2BE00AF18C8 /* SnapKit in Frameworks */ = {isa = PBXBuildFile; productRef = 1510DBCA2CA5A2BE00AF18C8 /* SnapKit */; };
		1510DBCE2CA5A2C800AF18C8 /* CombineCocoa in Frameworks */ = {isa = PBXBuildFile; productRef = 1510DBCD2CA5A2C800AF18C8 /* CombineCocoa */; };
		1510DBD12CA5A86C00AF18C8 /* UserOnboardingViewController.swift in Sources */ = {isa = PBXBuildFile; fileRef = 1510DBD02CA5A86C00AF18C8 /* UserOnboardingViewController.swift */; };
		1510DBD42CA5B04400AF18C8 /* TabBarViewController.swift in Sources */ = {isa = PBXBuildFile; fileRef = 1510DBD32CA5B04400AF18C8 /* TabBarViewController.swift */; };
		1510DBD72CA5B10200AF18C8 /* MainHomePageViewController.swift in Sources */ = {isa = PBXBuildFile; fileRef = 1510DBD62CA5B10200AF18C8 /* MainHomePageViewController.swift */; };
		1510DBD92CA5B7E300AF18C8 /* HomeModels.swift in Sources */ = {isa = PBXBuildFile; fileRef = 1510DBD82CA5B7E300AF18C8 /* HomeModels.swift */; };
		1510DBDB2CA5CD2C00AF18C8 /* EditCurrentBalanceViewController.swift in Sources */ = {isa = PBXBuildFile; fileRef = 1510DBDA2CA5CD2C00AF18C8 /* EditCurrentBalanceViewController.swift */; };
		1510DBDD2CA5E5BC00AF18C8 /* AddTransactionViewController.swift in Sources */ = {isa = PBXBuildFile; fileRef = 1510DBDC2CA5E5BC00AF18C8 /* AddTransactionViewController.swift */; };
		1510DBE02CA6DDE200AF18C8 /* PropertiesViewController.swift in Sources */ = {isa = PBXBuildFile; fileRef = 1510DBDF2CA6DDE200AF18C8 /* PropertiesViewController.swift */; };
/* End PBXBuildFile section */

/* Begin PBXFileReference section */
		1510DBAE2CA5A09300AF18C8 /* Betano Estate.app */ = {isa = PBXFileReference; explicitFileType = wrapper.application; includeInIndex = 0; path = "Betano Estate.app"; sourceTree = BUILT_PRODUCTS_DIR; };
		1510DBB12CA5A09300AF18C8 /* AppDelegate.swift */ = {isa = PBXFileReference; lastKnownFileType = sourcecode.swift; path = AppDelegate.swift; sourceTree = "<group>"; };
		1510DBB32CA5A09300AF18C8 /* SceneDelegate.swift */ = {isa = PBXFileReference; lastKnownFileType = sourcecode.swift; path = SceneDelegate.swift; sourceTree = "<group>"; };
		1510DBB82CA5A09300AF18C8 /* Base */ = {isa = PBXFileReference; lastKnownFileType = file.storyboard; name = Base; path = Base.lproj/Main.storyboard; sourceTree = "<group>"; };
		1510DBBA2CA5A09500AF18C8 /* Assets.xcassets */ = {isa = PBXFileReference; lastKnownFileType = folder.assetcatalog; path = Assets.xcassets; sourceTree = "<group>"; };
		1510DBBD2CA5A09500AF18C8 /* Base */ = {isa = PBXFileReference; lastKnownFileType = file.storyboard; name = Base; path = Base.lproj/LaunchScreen.storyboard; sourceTree = "<group>"; };
		1510DBBF2CA5A09500AF18C8 /* Info.plist */ = {isa = PBXFileReference; lastKnownFileType = text.plist.xml; path = Info.plist; sourceTree = "<group>"; };
		1510DBC72CA5A13400AF18C8 /* LoadViewController.swift */ = {isa = PBXFileReference; lastKnownFileType = sourcecode.swift; path = LoadViewController.swift; sourceTree = "<group>"; };
		1510DBD02CA5A86C00AF18C8 /* UserOnboardingViewController.swift */ = {isa = PBXFileReference; lastKnownFileType = sourcecode.swift; path = UserOnboardingViewController.swift; sourceTree = "<group>"; };
		1510DBD32CA5B04400AF18C8 /* TabBarViewController.swift */ = {isa = PBXFileReference; lastKnownFileType = sourcecode.swift; path = TabBarViewController.swift; sourceTree = "<group>"; };
		1510DBD62CA5B10200AF18C8 /* MainHomePageViewController.swift */ = {isa = PBXFileReference; lastKnownFileType = sourcecode.swift; path = MainHomePageViewController.swift; sourceTree = "<group>"; };
		1510DBD82CA5B7E300AF18C8 /* HomeModels.swift */ = {isa = PBXFileReference; lastKnownFileType = sourcecode.swift; path = HomeModels.swift; sourceTree = "<group>"; };
		1510DBDA2CA5CD2C00AF18C8 /* EditCurrentBalanceViewController.swift */ = {isa = PBXFileReference; lastKnownFileType = sourcecode.swift; path = EditCurrentBalanceViewController.swift; sourceTree = "<group>"; };
		1510DBDC2CA5E5BC00AF18C8 /* AddTransactionViewController.swift */ = {isa = PBXFileReference; lastKnownFileType = sourcecode.swift; path = AddTransactionViewController.swift; sourceTree = "<group>"; };
		1510DBDF2CA6DDE200AF18C8 /* PropertiesViewController.swift */ = {isa = PBXFileReference; lastKnownFileType = sourcecode.swift; path = PropertiesViewController.swift; sourceTree = "<group>"; };
/* End PBXFileReference section */

/* Begin PBXFrameworksBuildPhase section */
		1510DBAB2CA5A09300AF18C8 /* Frameworks */ = {
			isa = PBXFrameworksBuildPhase;
			buildActionMask = 2147483647;
			files = (
				1510DBCE2CA5A2C800AF18C8 /* CombineCocoa in Frameworks */,
				1510DBCB2CA5A2BE00AF18C8 /* SnapKit in Frameworks */,
			);
			runOnlyForDeploymentPostprocessing = 0;
		};
/* End PBXFrameworksBuildPhase section */

/* Begin PBXGroup section */
		1510DBA52CA5A09300AF18C8 = {
			isa = PBXGroup;
			children = (
				1510DBB02CA5A09300AF18C8 /* Betano Estate */,
				1510DBAF2CA5A09300AF18C8 /* Products */,
			);
			sourceTree = "<group>";
		};
		1510DBAF2CA5A09300AF18C8 /* Products */ = {
			isa = PBXGroup;
			children = (
				1510DBAE2CA5A09300AF18C8 /* Betano Estate.app */,
			);
			name = Products;
			sourceTree = "<group>";
		};
		1510DBB02CA5A09300AF18C8 /* Betano Estate */ = {
			isa = PBXGroup;
			children = (
				1510DBDE2CA6DDCB00AF18C8 /* Properties */,
				1510DBD52CA5B0D400AF18C8 /* HomePage */,
				1510DBD22CA5B02900AF18C8 /* TabBar */,
				1510DBC62CA5A0B600AF18C8 /* Support */,
				1510DBC52CA5A0AA00AF18C8 /* Onboarding */,
				1510DBBF2CA5A09500AF18C8 /* Info.plist */,
			);
			path = "Betano Estate";
			sourceTree = "<group>";
		};
		1510DBC52CA5A0AA00AF18C8 /* Onboarding */ = {
			isa = PBXGroup;
			children = (
				1510DBCF2CA5A85E00AF18C8 /* User */,
				1510DBC72CA5A13400AF18C8 /* LoadViewController.swift */,
			);
			path = Onboarding;
			sourceTree = "<group>";
		};
		1510DBC62CA5A0B600AF18C8 /* Support */ = {
			isa = PBXGroup;
			children = (
				1510DBB32CA5A09300AF18C8 /* SceneDelegate.swift */,
				1510DBB72CA5A09300AF18C8 /* Main.storyboard */,
				1510DBBA2CA5A09500AF18C8 /* Assets.xcassets */,
				1510DBBC2CA5A09500AF18C8 /* LaunchScreen.storyboard */,
				1510DBB12CA5A09300AF18C8 /* AppDelegate.swift */,
			);
			path = Support;
			sourceTree = "<group>";
		};
		1510DBCF2CA5A85E00AF18C8 /* User */ = {
			isa = PBXGroup;
			children = (
				1510DBD02CA5A86C00AF18C8 /* UserOnboardingViewController.swift */,
			);
			path = User;
			sourceTree = "<group>";
		};
		1510DBD22CA5B02900AF18C8 /* TabBar */ = {
			isa = PBXGroup;
			children = (
				1510DBD32CA5B04400AF18C8 /* TabBarViewController.swift */,
			);
			path = TabBar;
			sourceTree = "<group>";
		};
		1510DBD52CA5B0D400AF18C8 /* HomePage */ = {
			isa = PBXGroup;
			children = (
				1510DBD62CA5B10200AF18C8 /* MainHomePageViewController.swift */,
				1510DBD82CA5B7E300AF18C8 /* HomeModels.swift */,
				1510DBDA2CA5CD2C00AF18C8 /* EditCurrentBalanceViewController.swift */,
				1510DBDC2CA5E5BC00AF18C8 /* AddTransactionViewController.swift */,
			);
			path = HomePage;
			sourceTree = "<group>";
		};
		1510DBDE2CA6DDCB00AF18C8 /* Properties */ = {
			isa = PBXGroup;
			children = (
				1510DBDF2CA6DDE200AF18C8 /* PropertiesViewController.swift */,
			);
			path = Properties;
			sourceTree = "<group>";
		};
/* End PBXGroup section */

/* Begin PBXNativeTarget section */
		1510DBAD2CA5A09300AF18C8 /* Betano Estate */ = {
			isa = PBXNativeTarget;
			buildConfigurationList = 1510DBC22CA5A09500AF18C8 /* Build configuration list for PBXNativeTarget "Betano Estate" */;
			buildPhases = (
				1510DBAA2CA5A09300AF18C8 /* Sources */,
				1510DBAB2CA5A09300AF18C8 /* Frameworks */,
				1510DBAC2CA5A09300AF18C8 /* Resources */,
			);
			buildRules = (
			);
			dependencies = (
			);
			name = "Betano Estate";
			packageProductDependencies = (
				1510DBCA2CA5A2BE00AF18C8 /* SnapKit */,
				1510DBCD2CA5A2C800AF18C8 /* CombineCocoa */,
			);
			productName = "Betano Estate";
			productReference = 1510DBAE2CA5A09300AF18C8 /* Betano Estate.app */;
			productType = "com.apple.product-type.application";
		};
/* End PBXNativeTarget section */

/* Begin PBXProject section */
		1510DBA62CA5A09300AF18C8 /* Project object */ = {
			isa = PBXProject;
			attributes = {
				BuildIndependentTargetsInParallel = 1;
				LastSwiftUpdateCheck = 1520;
				LastUpgradeCheck = 1520;
				TargetAttributes = {
					1510DBAD2CA5A09300AF18C8 = {
						CreatedOnToolsVersion = 15.2;
					};
				};
			};
			buildConfigurationList = 1510DBA92CA5A09300AF18C8 /* Build configuration list for PBXProject "Betano Estate" */;
			compatibilityVersion = "Xcode 14.0";
			developmentRegion = en;
			hasScannedForEncodings = 0;
			knownRegions = (
				en,
				Base,
			);
			mainGroup = 1510DBA52CA5A09300AF18C8;
			packageReferences = (
				1510DBC92CA5A2BE00AF18C8 /* XCRemoteSwiftPackageReference "SnapKit" */,
				1510DBCC2CA5A2C800AF18C8 /* XCRemoteSwiftPackageReference "CombineCocoa" */,
			);
			productRefGroup = 1510DBAF2CA5A09300AF18C8 /* Products */;
			projectDirPath = "";
			projectRoot = "";
			targets = (
				1510DBAD2CA5A09300AF18C8 /* Betano Estate */,
			);
		};
/* End PBXProject section */

/* Begin PBXResourcesBuildPhase section */
		1510DBAC2CA5A09300AF18C8 /* Resources */ = {
			isa = PBXResourcesBuildPhase;
			buildActionMask = 2147483647;
			files = (
				1510DBBE2CA5A09500AF18C8 /* LaunchScreen.storyboard in Resources */,
				1510DBBB2CA5A09500AF18C8 /* Assets.xcassets in Resources */,
				1510DBB92CA5A09300AF18C8 /* Main.storyboard in Resources */,
			);
			runOnlyForDeploymentPostprocessing = 0;
		};
/* End PBXResourcesBuildPhase section */

/* Begin PBXSourcesBuildPhase section */
		1510DBAA2CA5A09300AF18C8 /* Sources */ = {
			isa = PBXSourcesBuildPhase;
			buildActionMask = 2147483647;
			files = (
				1510DBC82CA5A13400AF18C8 /* LoadViewController.swift in Sources */,
				1510DBB22CA5A09300AF18C8 /* AppDelegate.swift in Sources */,
				1510DBD12CA5A86C00AF18C8 /* UserOnboardingViewController.swift in Sources */,
				1510DBD42CA5B04400AF18C8 /* TabBarViewController.swift in Sources */,
				1510DBD72CA5B10200AF18C8 /* MainHomePageViewController.swift in Sources */,
				1510DBB42CA5A09300AF18C8 /* SceneDelegate.swift in Sources */,
				1510DBDD2CA5E5BC00AF18C8 /* AddTransactionViewController.swift in Sources */,
				1510DBD92CA5B7E300AF18C8 /* HomeModels.swift in Sources */,
				1510DBDB2CA5CD2C00AF18C8 /* EditCurrentBalanceViewController.swift in Sources */,
				1510DBE02CA6DDE200AF18C8 /* PropertiesViewController.swift in Sources */,
			);
			runOnlyForDeploymentPostprocessing = 0;
		};
/* End PBXSourcesBuildPhase section */

/* Begin PBXVariantGroup section */
		1510DBB72CA5A09300AF18C8 /* Main.storyboard */ = {
			isa = PBXVariantGroup;
			children = (
				1510DBB82CA5A09300AF18C8 /* Base */,
			);
			name = Main.storyboard;
			sourceTree = "<group>";
		};
		1510DBBC2CA5A09500AF18C8 /* LaunchScreen.storyboard */ = {
			isa = PBXVariantGroup;
			children = (
				1510DBBD2CA5A09500AF18C8 /* Base */,
			);
			name = LaunchScreen.storyboard;
			sourceTree = "<group>";
		};
/* End PBXVariantGroup section */

/* Begin XCBuildConfiguration section */
		1510DBC02CA5A09500AF18C8 /* Debug */ = {
			isa = XCBuildConfiguration;
			buildSettings = {
				ALWAYS_SEARCH_USER_PATHS = NO;
				ASSETCATALOG_COMPILER_GENERATE_SWIFT_ASSET_SYMBOL_EXTENSIONS = YES;
				CLANG_ANALYZER_NONNULL = YES;
				CLANG_ANALYZER_NUMBER_OBJECT_CONVERSION = YES_AGGRESSIVE;
				CLANG_CXX_LANGUAGE_STANDARD = "gnu++20";
				CLANG_ENABLE_MODULES = YES;
				CLANG_ENABLE_OBJC_ARC = YES;
				CLANG_ENABLE_OBJC_WEAK = YES;
				CLANG_WARN_BLOCK_CAPTURE_AUTORELEASING = YES;
				CLANG_WARN_BOOL_CONVERSION = YES;
				CLANG_WARN_COMMA = YES;
				CLANG_WARN_CONSTANT_CONVERSION = YES;
				CLANG_WARN_DEPRECATED_OBJC_IMPLEMENTATIONS = YES;
				CLANG_WARN_DIRECT_OBJC_ISA_USAGE = YES_ERROR;
				CLANG_WARN_DOCUMENTATION_COMMENTS = YES;
				CLANG_WARN_EMPTY_BODY = YES;
				CLANG_WARN_ENUM_CONVERSION = YES;
				CLANG_WARN_INFINITE_RECURSION = YES;
				CLANG_WARN_INT_CONVERSION = YES;
				CLANG_WARN_NON_LITERAL_NULL_CONVERSION = YES;
				CLANG_WARN_OBJC_IMPLICIT_RETAIN_SELF = YES;
				CLANG_WARN_OBJC_LITERAL_CONVERSION = YES;
				CLANG_WARN_OBJC_ROOT_CLASS = YES_ERROR;
				CLANG_WARN_QUOTED_INCLUDE_IN_FRAMEWORK_HEADER = YES;
				CLANG_WARN_RANGE_LOOP_ANALYSIS = YES;
				CLANG_WARN_STRICT_PROTOTYPES = YES;
				CLANG_WARN_SUSPICIOUS_MOVE = YES;
				CLANG_WARN_UNGUARDED_AVAILABILITY = YES_AGGRESSIVE;
				CLANG_WARN_UNREACHABLE_CODE = YES;
				CLANG_WARN__DUPLICATE_METHOD_MATCH = YES;
				COPY_PHASE_STRIP = NO;
				DEBUG_INFORMATION_FORMAT = dwarf;
				ENABLE_STRICT_OBJC_MSGSEND = YES;
				ENABLE_TESTABILITY = YES;
				ENABLE_USER_SCRIPT_SANDBOXING = YES;
				GCC_C_LANGUAGE_STANDARD = gnu17;
				GCC_DYNAMIC_NO_PIC = NO;
				GCC_NO_COMMON_BLOCKS = YES;
				GCC_OPTIMIZATION_LEVEL = 0;
				GCC_PREPROCESSOR_DEFINITIONS = (
					"DEBUG=1",
					"$(inherited)",
				);
				GCC_WARN_64_TO_32_BIT_CONVERSION = YES;
				GCC_WARN_ABOUT_RETURN_TYPE = YES_ERROR;
				GCC_WARN_UNDECLARED_SELECTOR = YES;
				GCC_WARN_UNINITIALIZED_AUTOS = YES_AGGRESSIVE;
				GCC_WARN_UNUSED_FUNCTION = YES;
				GCC_WARN_UNUSED_VARIABLE = YES;
				IPHONEOS_DEPLOYMENT_TARGET = 17.2;
				LOCALIZATION_PREFERS_STRING_CATALOGS = YES;
				MTL_ENABLE_DEBUG_INFO = INCLUDE_SOURCE;
				MTL_FAST_MATH = YES;
				ONLY_ACTIVE_ARCH = YES;
				SDKROOT = iphoneos;
				SWIFT_ACTIVE_COMPILATION_CONDITIONS = "DEBUG $(inherited)";
				SWIFT_OPTIMIZATION_LEVEL = "-Onone";
			};
			name = Debug;
		};
		1510DBC12CA5A09500AF18C8 /* Release */ = {
			isa = XCBuildConfiguration;
			buildSettings = {
				ALWAYS_SEARCH_USER_PATHS = NO;
				ASSETCATALOG_COMPILER_GENERATE_SWIFT_ASSET_SYMBOL_EXTENSIONS = YES;
				CLANG_ANALYZER_NONNULL = YES;
				CLANG_ANALYZER_NUMBER_OBJECT_CONVERSION = YES_AGGRESSIVE;
				CLANG_CXX_LANGUAGE_STANDARD = "gnu++20";
				CLANG_ENABLE_MODULES = YES;
				CLANG_ENABLE_OBJC_ARC = YES;
				CLANG_ENABLE_OBJC_WEAK = YES;
				CLANG_WARN_BLOCK_CAPTURE_AUTORELEASING = YES;
				CLANG_WARN_BOOL_CONVERSION = YES;
				CLANG_WARN_COMMA = YES;
				CLANG_WARN_CONSTANT_CONVERSION = YES;
				CLANG_WARN_DEPRECATED_OBJC_IMPLEMENTATIONS = YES;
				CLANG_WARN_DIRECT_OBJC_ISA_USAGE = YES_ERROR;
				CLANG_WARN_DOCUMENTATION_COMMENTS = YES;
				CLANG_WARN_EMPTY_BODY = YES;
				CLANG_WARN_ENUM_CONVERSION = YES;
				CLANG_WARN_INFINITE_RECURSION = YES;
				CLANG_WARN_INT_CONVERSION = YES;
				CLANG_WARN_NON_LITERAL_NULL_CONVERSION = YES;
				CLANG_WARN_OBJC_IMPLICIT_RETAIN_SELF = YES;
				CLANG_WARN_OBJC_LITERAL_CONVERSION = YES;
				CLANG_WARN_OBJC_ROOT_CLASS = YES_ERROR;
				CLANG_WARN_QUOTED_INCLUDE_IN_FRAMEWORK_HEADER = YES;
				CLANG_WARN_RANGE_LOOP_ANALYSIS = YES;
				CLANG_WARN_STRICT_PROTOTYPES = YES;
				CLANG_WARN_SUSPICIOUS_MOVE = YES;
				CLANG_WARN_UNGUARDED_AVAILABILITY = YES_AGGRESSIVE;
				CLANG_WARN_UNREACHABLE_CODE = YES;
				CLANG_WARN__DUPLICATE_METHOD_MATCH = YES;
				COPY_PHASE_STRIP = NO;
				DEBUG_INFORMATION_FORMAT = "dwarf-with-dsym";
				ENABLE_NS_ASSERTIONS = NO;
				ENABLE_STRICT_OBJC_MSGSEND = YES;
				ENABLE_USER_SCRIPT_SANDBOXING = YES;
				GCC_C_LANGUAGE_STANDARD = gnu17;
				GCC_NO_COMMON_BLOCKS = YES;
				GCC_WARN_64_TO_32_BIT_CONVERSION = YES;
				GCC_WARN_ABOUT_RETURN_TYPE = YES_ERROR;
				GCC_WARN_UNDECLARED_SELECTOR = YES;
				GCC_WARN_UNINITIALIZED_AUTOS = YES_AGGRESSIVE;
				GCC_WARN_UNUSED_FUNCTION = YES;
				GCC_WARN_UNUSED_VARIABLE = YES;
				IPHONEOS_DEPLOYMENT_TARGET = 17.2;
				LOCALIZATION_PREFERS_STRING_CATALOGS = YES;
				MTL_ENABLE_DEBUG_INFO = NO;
				MTL_FAST_MATH = YES;
				SDKROOT = iphoneos;
				SWIFT_COMPILATION_MODE = wholemodule;
				VALIDATE_PRODUCT = YES;
			};
			name = Release;
		};
		1510DBC32CA5A09500AF18C8 /* Debug */ = {
			isa = XCBuildConfiguration;
			buildSettings = {
				ASSETCATALOG_COMPILER_APPICON_NAME = AppIcon;
				ASSETCATALOG_COMPILER_GLOBAL_ACCENT_COLOR_NAME = AccentColor;
				CODE_SIGN_STYLE = Automatic;
				CURRENT_PROJECT_VERSION = 1;
				GENERATE_INFOPLIST_FILE = YES;
				INFOPLIST_FILE = "Betano Estate/Info.plist";
				INFOPLIST_KEY_CFBundleDisplayName = "Benato Estate";
				INFOPLIST_KEY_UIApplicationSupportsIndirectInputEvents = YES;
				INFOPLIST_KEY_UILaunchStoryboardName = LaunchScreen;
				INFOPLIST_KEY_UISupportedInterfaceOrientations_iPad = "UIInterfaceOrientationPortrait UIInterfaceOrientationPortraitUpsideDown UIInterfaceOrientationLandscapeLeft UIInterfaceOrientationLandscapeRight";
				INFOPLIST_KEY_UISupportedInterfaceOrientations_iPhone = "UIInterfaceOrientationPortrait UIInterfaceOrientationLandscapeLeft UIInterfaceOrientationLandscapeRight";
				IPHONEOS_DEPLOYMENT_TARGET = 13.0;
				LD_RUNPATH_SEARCH_PATHS = (
					"$(inherited)",
					"@executable_path/Frameworks",
				);
				MARKETING_VERSION = 1.0;
				PRODUCT_BUNDLE_IDENTIFIER = "k.Betano-Estate";
				PRODUCT_NAME = "$(TARGET_NAME)";
				SUPPORTED_PLATFORMS = "iphoneos iphonesimulator";
				SUPPORTS_MACCATALYST = NO;
				SUPPORTS_XR_DESIGNED_FOR_IPHONE_IPAD = NO;
				SWIFT_EMIT_LOC_STRINGS = YES;
				SWIFT_VERSION = 5.0;
				TARGETED_DEVICE_FAMILY = "1,2";
			};
			name = Debug;
		};
		1510DBC42CA5A09500AF18C8 /* Release */ = {
			isa = XCBuildConfiguration;
			buildSettings = {
				ASSETCATALOG_COMPILER_APPICON_NAME = AppIcon;
				ASSETCATALOG_COMPILER_GLOBAL_ACCENT_COLOR_NAME = AccentColor;
				CODE_SIGN_STYLE = Automatic;
				CURRENT_PROJECT_VERSION = 1;
				GENERATE_INFOPLIST_FILE = YES;
				INFOPLIST_FILE = "Betano Estate/Info.plist";
				INFOPLIST_KEY_CFBundleDisplayName = "Benato Estate";
				INFOPLIST_KEY_UIApplicationSupportsIndirectInputEvents = YES;
				INFOPLIST_KEY_UILaunchStoryboardName = LaunchScreen;
				INFOPLIST_KEY_UISupportedInterfaceOrientations_iPad = "UIInterfaceOrientationPortrait UIInterfaceOrientationPortraitUpsideDown UIInterfaceOrientationLandscapeLeft UIInterfaceOrientationLandscapeRight";
				INFOPLIST_KEY_UISupportedInterfaceOrientations_iPhone = "UIInterfaceOrientationPortrait UIInterfaceOrientationLandscapeLeft UIInterfaceOrientationLandscapeRight";
				IPHONEOS_DEPLOYMENT_TARGET = 13.0;
				LD_RUNPATH_SEARCH_PATHS = (
					"$(inherited)",
					"@executable_path/Frameworks",
				);
				MARKETING_VERSION = 1.0;
				PRODUCT_BUNDLE_IDENTIFIER = "k.Betano-Estate";
				PRODUCT_NAME = "$(TARGET_NAME)";
				SUPPORTED_PLATFORMS = "iphoneos iphonesimulator";
				SUPPORTS_MACCATALYST = NO;
				SUPPORTS_XR_DESIGNED_FOR_IPHONE_IPAD = NO;
				SWIFT_EMIT_LOC_STRINGS = YES;
				SWIFT_VERSION = 5.0;
				TARGETED_DEVICE_FAMILY = "1,2";
			};
			name = Release;
		};
/* End XCBuildConfiguration section */

/* Begin XCConfigurationList section */
		1510DBA92CA5A09300AF18C8 /* Build configuration list for PBXProject "Betano Estate" */ = {
			isa = XCConfigurationList;
			buildConfigurations = (
				1510DBC02CA5A09500AF18C8 /* Debug */,
				1510DBC12CA5A09500AF18C8 /* Release */,
			);
			defaultConfigurationIsVisible = 0;
			defaultConfigurationName = Release;
		};
		1510DBC22CA5A09500AF18C8 /* Build configuration list for PBXNativeTarget "Betano Estate" */ = {
			isa = XCConfigurationList;
			buildConfigurations = (
				1510DBC32CA5A09500AF18C8 /* Debug */,
				1510DBC42CA5A09500AF18C8 /* Release */,
			);
			defaultConfigurationIsVisible = 0;
			defaultConfigurationName = Release;
		};
/* End XCConfigurationList section */

/* Begin XCRemoteSwiftPackageReference section */
		1510DBC92CA5A2BE00AF18C8 /* XCRemoteSwiftPackageReference "SnapKit" */ = {
			isa = XCRemoteSwiftPackageReference;
			repositoryURL = "https://github.com/SnapKit/SnapKit";
			requirement = {
				kind = upToNextMajorVersion;
				minimumVersion = 5.7.1;
			};
		};
		1510DBCC2CA5A2C800AF18C8 /* XCRemoteSwiftPackageReference "CombineCocoa" */ = {
			isa = XCRemoteSwiftPackageReference;
			repositoryURL = "https://github.com/CombineCommunity/CombineCocoa";
			requirement = {
				kind = upToNextMajorVersion;
				minimumVersion = 0.4.1;
			};
		};
/* End XCRemoteSwiftPackageReference section */

/* Begin XCSwiftPackageProductDependency section */
		1510DBCA2CA5A2BE00AF18C8 /* SnapKit */ = {
			isa = XCSwiftPackageProductDependency;
			package = 1510DBC92CA5A2BE00AF18C8 /* XCRemoteSwiftPackageReference "SnapKit" */;
			productName = SnapKit;
		};
		1510DBCD2CA5A2C800AF18C8 /* CombineCocoa */ = {
			isa = XCSwiftPackageProductDependency;
			package = 1510DBCC2CA5A2C800AF18C8 /* XCRemoteSwiftPackageReference "CombineCocoa" */;
			productName = CombineCocoa;
		};
/* End XCSwiftPackageProductDependency section */
	};
	rootObject = 1510DBA62CA5A09300AF18C8 /* Project object */;
}
